{
  "nodes": {
    "cl-gameboy": {
      "flake": false,
      "locked": {
        "lastModified": 1479058009,
        "narHash": "sha256-qvT5wbRCrngd5tUPaEWqEUj53mGwjz87+eibn3qWd3k=",
        "owner": "sjl",
        "repo": "cl-gameboy",
        "rev": "cce73054d4bfde332e31a2938f4e0630c162cf6b",
        "type": "github"
      },
      "original": {
        "owner": "sjl",
        "repo": "cl-gameboy",
        "type": "github"
      }
    },
    "flake-compat": {
      "flake": false,
      "locked": {
        "lastModified": 1673956053,
        "narHash": "sha256-4gtG9iQuiKITOjNQQeQIpoIB6b16fm+504Ch3sNKLd8=",
        "owner": "edolstra",
        "repo": "flake-compat",
        "rev": "35bb57c0c8d8b62bbfd284272c928ceb64ddbde9",
        "type": "github"
      },
      "original": {
        "owner": "edolstra",
        "repo": "flake-compat",
        "type": "github"
      }
    },
    "flake-utils": {
      "locked": {
        "lastModified": 1667395993,
        "narHash": "sha256-nuEHfE/LcWyuSWnS8t12N1wc105Qtau+/OdUAjtQ0rA=",
        "owner": "numtide",
        "repo": "flake-utils",
        "rev": "5aed5285a952e0b949eb3ba02c12fa4fcfef535f",
        "type": "github"
      },
      "original": {
        "owner": "numtide",
        "repo": "flake-utils",
        "type": "github"
      }
    },
    "gb-autotest-roms": {
      "flake": false,
      "locked": {
        "lastModified": 1658898280,
        "narHash": "sha256-i5TkoWJ9f+OZYwr0oyaFigCkfPQkRBReYqBfXxcyXmM=",
        "owner": "shish",
        "repo": "gb-autotest-roms",
        "rev": "367b7dc51aed4b84eea8097d7426fe2e3cd2f459",
        "type": "github"
      },
      "original": {
        "owner": "shish",
        "repo": "gb-autotest-roms",
        "type": "github"
      }
    },
    "gitignore": {
      "inputs": {
        "nixpkgs": [
          "nixpkgs"
        ]
      },
      "locked": {
        "lastModified": 1660459072,
        "narHash": "sha256-8DFJjXG8zqoONA1vXtgeKXy68KdJL5UaXR8NtVMUbx8=",
        "owner": "hercules-ci",
        "repo": "gitignore.nix",
        "rev": "a20de23b925fd8264fd7fad6454652e142fd7f73",
        "type": "github"
      },
      "original": {
        "owner": "hercules-ci",
        "repo": "gitignore.nix",
        "type": "github"
      }
    },
    "gomod2nix-src": {
      "flake": false,
      "locked": {
        "lastModified": 1662501203,
        "narHash": "sha256-4BKeqCX2zwgBiTdlc2DjGQ0CttKm0vSw0r/bdFdM/PQ=",
        "owner": "nix-community",
        "repo": "gomod2nix",
        "rev": "89cd0675b96775aa3ee86e7c0cf5bc238dd27976",
        "type": "github"
      },
      "original": {
        "owner": "nix-community",
        "repo": "gomod2nix",
        "type": "github"
      }
    },
    "naersk": {
      "inputs": {
        "nixpkgs": [
          "nixpkgs"
        ]
      },
      "locked": {
        "lastModified": 1671096816,
        "narHash": "sha256-ezQCsNgmpUHdZANDCILm3RvtO1xH8uujk/+EqNvzIOg=",
        "owner": "nix-community",
        "repo": "naersk",
        "rev": "d998160d6a076cfe8f9741e56aeec7e267e3e114",
        "type": "github"
      },
      "original": {
        "owner": "nix-community",
        "repo": "naersk",
        "type": "github"
      }
    },
    "nim-argparse": {
      "flake": false,
      "locked": {
        "lastModified": 1669660759,
        "narHash": "sha256-rtA0NJbA7aQglw/4U/fhX8GTlGf0eYoXfuzlJsA38Q8=",
        "owner": "iffy",
        "repo": "nim-argparse",
        "rev": "98c7c99bfbcaae750ac515a6fd603f85ed68668f",
        "type": "github"
      },
      "original": {
        "owner": "iffy",
        "repo": "nim-argparse",
        "type": "github"
      }
    },
    "nixpkgs": {
      "locked": {
        "lastModified": 1675512093,
        "narHash": "sha256-u1CY4feK14B57E6T+0Bhkuoj8dpBxCPrWO+SP87UVP8=",
        "owner": "NixOS",
        "repo": "nixpkgs",
        "rev": "8e8240194eda25b61449f29bb5131e02b28a5486",
        "type": "github"
      },
      "original": {
        "owner": "NixOS",
        "ref": "nixos-22.11",
        "repo": "nixpkgs",
        "type": "github"
      }
    },
    "php-sdl": {
      "flake": false,
      "locked": {
        "lastModified": 1672500911,
        "narHash": "sha256-8BTE9pjoJuomSuNxvoBLjbBE8eA3BkO9+8CjG4kO3M0=",
        "owner": "Ponup",
        "repo": "php-sdl",
        "rev": "655e403b8a9681c418702a74833c68c1a4ae1bd5",
        "type": "github"
      },
      "original": {
        "owner": "Ponup",
        "repo": "php-sdl",
        "type": "github"
      }
    },
    "root": {
      "inputs": {
        "cl-gameboy": "cl-gameboy",
        "flake-compat": "flake-compat",
        "flake-utils": "flake-utils",
        "gb-autotest-roms": "gb-autotest-roms",
        "gitignore": "gitignore",
        "gomod2nix-src": "gomod2nix-src",
        "naersk": "naersk",
        "nim-argparse": "nim-argparse",
        "nixpkgs": "nixpkgs",
        "php-sdl": "php-sdl",
        "zig-clap": "zig-clap",
        "zig-overlay": "zig-overlay",
        "zig-sdl": "zig-sdl"
      }
    },
    "zig-clap": {
      "flake": false,
      "locked": {
        "lastModified": 1664794625,
        "narHash": "sha256-wZaeOlEEzgFqHCtW9ztiu+HczRltL0geb0fHv1nrgpQ=",
        "owner": "Hejsil",
        "repo": "zig-clap",
        "rev": "e5d09c4b2d121025ad7195b2de704451e6306807",
        "type": "github"
      },
      "original": {
        "owner": "Hejsil",
        "repo": "zig-clap",
        "rev": "e5d09c4b2d121025ad7195b2de704451e6306807",
        "type": "github"
      }
    },
    "zig-overlay": {
      "inputs": {
        "flake-utils": [
          "flake-utils"
        ],
        "nixpkgs": [
          "nixpkgs"
        ]
      },
      "locked": {
        "lastModified": 1670113356,
        "narHash": "sha256-43aMRMU0OuBin6M2LM+nxVG+whazyHuHnUvu92xoth0=",
        "owner": "mitchellh",
        "repo": "zig-overlay",
        "rev": "17352071583eda4be43fa2a312f6e061326374f7",
        "type": "github"
      },
      "original": {
        "owner": "mitchellh",
        "repo": "zig-overlay",
        "rev": "17352071583eda4be43fa2a312f6e061326374f7",
        "type": "github"
      }
    },
    "zig-sdl": {
      "flake": false,
      "locked": {
        "lastModified": 1663928269,
        "narHash": "sha256-e4fNkVs6jsJJHNbBomdgtWR7+CLK1G6YxnkIgaMvvBo=",
        "owner": "MasterQ32",
        "repo": "SDL.zig",
        "rev": "6a9e37687a4b9ae3c14c9ea148ec51d14e01c7db",
        "type": "github"
      },
      "original": {
        "owner": "MasterQ32",
        "repo": "SDL.zig",
        "rev": "6a9e37687a4b9ae3c14c9ea148ec51d14e01c7db",
        "type": "github"
      }
    }
  },
  "root": "root",
  "version": 7
}
