{
  "nodes": {
    "flake-utils": {
      "locked": {
        "lastModified": 1667395993,
        "narHash": "sha256-nuEHfE/LcWyuSWnS8t12N1wc105Qtau+/OdUAjtQ0rA=",
        "owner": "numtide",
        "repo": "flake-utils",
        "rev": "5aed5285a952e0b949eb3ba02c12fa4fcfef535f",
        "type": "github"
      },
      "original": {
        "owner": "numtide",
        "repo": "flake-utils",
        "type": "github"
      }
    },
    "gitignore": {
      "inputs": {
        "nixpkgs": [
          "nixpkgs"
        ]
      },
      "locked": {
        "lastModified": 1660459072,
        "narHash": "sha256-8DFJjXG8zqoONA1vXtgeKXy68KdJL5UaXR8NtVMUbx8=",
        "owner": "hercules-ci",
        "repo": "gitignore.nix",
        "rev": "a20de23b925fd8264fd7fad6454652e142fd7f73",
        "type": "github"
      },
      "original": {
        "owner": "hercules-ci",
        "repo": "gitignore.nix",
        "type": "github"
      }
    },
    "gomod2nix-src": {
      "flake": false,
      "locked": {
        "lastModified": 1662501203,
        "narHash": "sha256-4BKeqCX2zwgBiTdlc2DjGQ0CttKm0vSw0r/bdFdM/PQ=",
        "owner": "nix-community",
        "repo": "gomod2nix",
        "rev": "89cd0675b96775aa3ee86e7c0cf5bc238dd27976",
        "type": "github"
      },
      "original": {
        "owner": "nix-community",
        "repo": "gomod2nix",
        "type": "github"
      }
    },
    "nim-argparse": {
      "flake": false,
      "locked": {
        "lastModified": 1669660759,
        "narHash": "sha256-rtA0NJbA7aQglw/4U/fhX8GTlGf0eYoXfuzlJsA38Q8=",
        "owner": "iffy",
        "repo": "nim-argparse",
        "rev": "98c7c99bfbcaae750ac515a6fd603f85ed68668f",
        "type": "github"
      },
      "original": {
        "owner": "iffy",
        "repo": "nim-argparse",
        "type": "github"
      }
    },
    "nixpkgs": {
      "locked": {
        "lastModified": 1675512093,
        "narHash": "sha256-u1CY4feK14B57E6T+0Bhkuoj8dpBxCPrWO+SP87UVP8=",
        "owner": "NixOS",
        "repo": "nixpkgs",
        "rev": "8e8240194eda25b61449f29bb5131e02b28a5486",
        "type": "github"
      },
      "original": {
        "owner": "NixOS",
        "ref": "nixos-22.11",
        "repo": "nixpkgs",
        "type": "github"
      }
    },
    "php-sdl": {
      "flake": false,
      "locked": {
        "lastModified": 1672500911,
        "narHash": "sha256-8BTE9pjoJuomSuNxvoBLjbBE8eA3BkO9+8CjG4kO3M0=",
        "owner": "Ponup",
        "repo": "php-sdl",
        "rev": "655e403b8a9681c418702a74833c68c1a4ae1bd5",
        "type": "github"
      },
      "original": {
        "owner": "Ponup",
        "repo": "php-sdl",
        "type": "github"
      }
    },
    "root": {
      "inputs": {
        "flake-utils": "flake-utils",
        "gitignore": "gitignore",
        "gomod2nix-src": "gomod2nix-src",
        "nim-argparse": "nim-argparse",
        "nixpkgs": "nixpkgs",
        "php-sdl": "php-sdl"
      }
    }
  },
  "root": "root",
  "version": 7
}
